
Microsoft Visual Studio Solution File, Format Version 12.00
# Visual Studio 15
VisualStudioVersion = 15.0.28307.1000
MinimumVisualStudioVersion = 10.0.40219.1
Project("{FAE04EC0-301F-11D3-BF4B-00C04F79EFBC}") = "cypher", "cypher\cypher.csproj", "{8722A3E6-B0F4-4DC8-B4DE-187CD58363F0}"
EndProject
Global
	GlobalSection(SolutionConfigurationPlatforms) = preSolution
		Debug|Any CPU = Debug|Any CPU
		Release|Any CPU = Release|Any CPU
	EndGlobalSection
	GlobalSection(ProjectConfigurationPlatforms) = postSolution
		{8722A3E6-B0F4-4DC8-B4DE-187CD58363F0}.Debug|Any CPU.ActiveCfg = Debug|Any CPU
		{8722A3E6-B0F4-4DC8-B4DE-187CD58363F0}.Debug|Any CPU.Build.0 = Debug|Any CPU
		{8722A3E6-B0F4-4DC8-B4DE-187CD58363F0}.Release|Any CPU.ActiveCfg = Release|Any CPU
		{8722A3E6-B0F4-4DC8-B4DE-187CD58363F0}.Release|Any CPU.Build.0 = Release|Any CPU
	EndGlobalSection
	GlobalSection(SolutionProperties) = preSolution
		HideSolutionNode = FALSE
	EndGlobalSection
	GlobalSection(ExtensibilityGlobals) = postSolution
		SolutionGuid = {8703CCE0-80D3-4192-9FB2-F87DC4816AFB}
	EndGlobalSection
EndGlobal
